
Microsoft Visual Studio Solution File, Format Version 12.00
# Visual Studio Version 17
VisualStudioVersion = 17.5.002.0
MinimumVisualStudioVersion = 10.0.40219.1
Project("{9A19103F-16F7-4668-BE54-9A1E7A4F7556}") = "SocialMedia.business", "SocialMedia.business\SocialMedia.business.csproj", "{DF88E4DA-2796-4382-86DF-836B04FF1C9D}"
EndProject
Project("{9A19103F-16F7-4668-BE54-9A1E7A4F7556}") = "SocialMedia.data", "SocialMedia.data\SocialMedia.data.csproj", "{AD8E7EF0-EEC4-4433-87D3-CC631C2D8262}"
EndProject
Project("{9A19103F-16F7-4668-BE54-9A1E7A4F7556}") = "SocialMedia.entity", "SocialMedia.entity\SocialMedia.entity.csproj", "{9410CCF6-E15B-4DC9-9C10-9B3341F7669B}"
EndProject
Project("{9A19103F-16F7-4668-BE54-9A1E7A4F7556}") = "SocialMedia.webapp", "SocialMedia.webapp\SocialMedia.webapp.csproj", "{2213EA1E-C878-40B7-9490-B4D687689D6C}"
EndProject
Global
	GlobalSection(SolutionConfigurationPlatforms) = preSolution
		Debug|Any CPU = Debug|Any CPU
		Release|Any CPU = Release|Any CPU
	EndGlobalSection
	GlobalSection(ProjectConfigurationPlatforms) = postSolution
		{DF88E4DA-2796-4382-86DF-836B04FF1C9D}.Debug|Any CPU.ActiveCfg = Debug|Any CPU
		{DF88E4DA-2796-4382-86DF-836B04FF1C9D}.Debug|Any CPU.Build.0 = Debug|Any CPU
		{DF88E4DA-2796-4382-86DF-836B04FF1C9D}.Release|Any CPU.ActiveCfg = Release|Any CPU
		{DF88E4DA-2796-4382-86DF-836B04FF1C9D}.Release|Any CPU.Build.0 = Release|Any CPU
		{AD8E7EF0-EEC4-4433-87D3-CC631C2D8262}.Debug|Any CPU.ActiveCfg = Debug|Any CPU
		{AD8E7EF0-EEC4-4433-87D3-CC631C2D8262}.Debug|Any CPU.Build.0 = Debug|Any CPU
		{AD8E7EF0-EEC4-4433-87D3-CC631C2D8262}.Release|Any CPU.ActiveCfg = Release|Any CPU
		{AD8E7EF0-EEC4-4433-87D3-CC631C2D8262}.Release|Any CPU.Build.0 = Release|Any CPU
		{9410CCF6-E15B-4DC9-9C10-9B3341F7669B}.Debug|Any CPU.ActiveCfg = Debug|Any CPU
		{9410CCF6-E15B-4DC9-9C10-9B3341F7669B}.Debug|Any CPU.Build.0 = Debug|Any CPU
		{9410CCF6-E15B-4DC9-9C10-9B3341F7669B}.Release|Any CPU.ActiveCfg = Release|Any CPU
		{9410CCF6-E15B-4DC9-9C10-9B3341F7669B}.Release|Any CPU.Build.0 = Release|Any CPU
		{2213EA1E-C878-40B7-9490-B4D687689D6C}.Debug|Any CPU.ActiveCfg = Debug|Any CPU
		{2213EA1E-C878-40B7-9490-B4D687689D6C}.Debug|Any CPU.Build.0 = Debug|Any CPU
		{2213EA1E-C878-40B7-9490-B4D687689D6C}.Release|Any CPU.ActiveCfg = Release|Any CPU
		{2213EA1E-C878-40B7-9490-B4D687689D6C}.Release|Any CPU.Build.0 = Release|Any CPU
	EndGlobalSection
	GlobalSection(SolutionProperties) = preSolution
		HideSolutionNode = FALSE
	EndGlobalSection
	GlobalSection(ExtensibilityGlobals) = postSolution
		SolutionGuid = {9979A2C0-BF2A-4AD3-926A-341BE45EF634}
	EndGlobalSection
EndGlobal
